
Microsoft Visual Studio Solution File, Format Version 12.00
# Visual Studio Version 16
VisualStudioVersion = 16.0.30413.136
MinimumVisualStudioVersion = 10.0.40219.1
Project("{FAE04EC0-301F-11D3-BF4B-00C04F79EFBC}") = "Cisla", "Cisla\Cisla.csproj", "{0871A543-4196-452F-8EC2-3F2DA2D22D0B}"
EndProject
Project("{FAE04EC0-301F-11D3-BF4B-00C04F79EFBC}") = "CislaTests", "CislaTests\CislaTests.csproj", "{4C588C85-61FF-4F09-B27F-712DE4553BAE}"
EndProject
Project("{FAE04EC0-301F-11D3-BF4B-00C04F79EFBC}") = "NsdCmd", "NsdCmd\NsdCmd.csproj", "{A5F129FF-2BE5-46A6-BA5B-382675DAB7AD}"
EndProject
Project("{FAE04EC0-301F-11D3-BF4B-00C04F79EFBC}") = "PrvocislaCmd", "PrvocislaCmd\PrvocislaCmd.csproj", "{C0F75285-D39F-4F36-A7C8-03A5400DC999}"
EndProject
Project("{FAE04EC0-301F-11D3-BF4B-00C04F79EFBC}") = "ZlomekTest", "ZlomekTest\ZlomekTest.csproj", "{B2C603B5-5511-4240-B060-7E017BC945D5}"
EndProject
Global
	GlobalSection(SolutionConfigurationPlatforms) = preSolution
		Debug|Any CPU = Debug|Any CPU
		Release|Any CPU = Release|Any CPU
	EndGlobalSection
	GlobalSection(ProjectConfigurationPlatforms) = postSolution
		{0871A543-4196-452F-8EC2-3F2DA2D22D0B}.Debug|Any CPU.ActiveCfg = Debug|Any CPU
		{0871A543-4196-452F-8EC2-3F2DA2D22D0B}.Debug|Any CPU.Build.0 = Debug|Any CPU
		{0871A543-4196-452F-8EC2-3F2DA2D22D0B}.Release|Any CPU.ActiveCfg = Release|Any CPU
		{0871A543-4196-452F-8EC2-3F2DA2D22D0B}.Release|Any CPU.Build.0 = Release|Any CPU
		{4C588C85-61FF-4F09-B27F-712DE4553BAE}.Debug|Any CPU.ActiveCfg = Debug|Any CPU
		{4C588C85-61FF-4F09-B27F-712DE4553BAE}.Debug|Any CPU.Build.0 = Debug|Any CPU
		{4C588C85-61FF-4F09-B27F-712DE4553BAE}.Release|Any CPU.ActiveCfg = Release|Any CPU
		{4C588C85-61FF-4F09-B27F-712DE4553BAE}.Release|Any CPU.Build.0 = Release|Any CPU
		{A5F129FF-2BE5-46A6-BA5B-382675DAB7AD}.Debug|Any CPU.ActiveCfg = Debug|Any CPU
		{A5F129FF-2BE5-46A6-BA5B-382675DAB7AD}.Debug|Any CPU.Build.0 = Debug|Any CPU
		{A5F129FF-2BE5-46A6-BA5B-382675DAB7AD}.Release|Any CPU.ActiveCfg = Release|Any CPU
		{A5F129FF-2BE5-46A6-BA5B-382675DAB7AD}.Release|Any CPU.Build.0 = Release|Any CPU
		{C0F75285-D39F-4F36-A7C8-03A5400DC999}.Debug|Any CPU.ActiveCfg = Debug|Any CPU
		{C0F75285-D39F-4F36-A7C8-03A5400DC999}.Debug|Any CPU.Build.0 = Debug|Any CPU
		{C0F75285-D39F-4F36-A7C8-03A5400DC999}.Release|Any CPU.ActiveCfg = Release|Any CPU
		{C0F75285-D39F-4F36-A7C8-03A5400DC999}.Release|Any CPU.Build.0 = Release|Any CPU
		{B2C603B5-5511-4240-B060-7E017BC945D5}.Debug|Any CPU.ActiveCfg = Debug|Any CPU
		{B2C603B5-5511-4240-B060-7E017BC945D5}.Debug|Any CPU.Build.0 = Debug|Any CPU
		{B2C603B5-5511-4240-B060-7E017BC945D5}.Release|Any CPU.ActiveCfg = Release|Any CPU
		{B2C603B5-5511-4240-B060-7E017BC945D5}.Release|Any CPU.Build.0 = Release|Any CPU
	EndGlobalSection
	GlobalSection(SolutionProperties) = preSolution
		HideSolutionNode = FALSE
	EndGlobalSection
	GlobalSection(ExtensibilityGlobals) = postSolution
		SolutionGuid = {33B90308-ABEE-412E-B3AB-78D0402964D5}
	EndGlobalSection
EndGlobal
